
Microsoft Visual Studio Solution File, Format Version 12.00
# Visual Studio 15
VisualStudioVersion = 15.0.27130.2020
MinimumVisualStudioVersion = 10.0.40219.1
Project("{FAE04EC0-301F-11D3-BF4B-00C04F79EFBC}") = "BlogdoJuan", "BlogdoJuan\BlogdoJuan.csproj", "{C058EFD1-B31D-4C8B-A97A-690C7F49CB0A}"
EndProject
Global
	GlobalSection(SolutionConfigurationPlatforms) = preSolution
		Debug|Any CPU = Debug|Any CPU
		Release|Any CPU = Release|Any CPU
	EndGlobalSection
	GlobalSection(ProjectConfigurationPlatforms) = postSolution
		{C058EFD1-B31D-4C8B-A97A-690C7F49CB0A}.Debug|Any CPU.ActiveCfg = Debug|Any CPU
		{C058EFD1-B31D-4C8B-A97A-690C7F49CB0A}.Debug|Any CPU.Build.0 = Debug|Any CPU
		{C058EFD1-B31D-4C8B-A97A-690C7F49CB0A}.Release|Any CPU.ActiveCfg = Release|Any CPU
		{C058EFD1-B31D-4C8B-A97A-690C7F49CB0A}.Release|Any CPU.Build.0 = Release|Any CPU
	EndGlobalSection
	GlobalSection(SolutionProperties) = preSolution
		HideSolutionNode = FALSE
	EndGlobalSection
	GlobalSection(ExtensibilityGlobals) = postSolution
		SolutionGuid = {B9350C25-0F0C-47A4-B36E-6BA7C287AD60}
	EndGlobalSection
EndGlobal
